// !$*UTF8*$!
{
	archiveVersion = 1;
	classes = {
	};
	objectVersion = 55;
	objects = {

/* Begin PBXBuildFile section */
		341473832785943B00AD225C /* MealsTableTVC.swift in Sources */ = {isa = PBXBuildFile; fileRef = 341473822785943B00AD225C /* MealsTableTVC.swift */; };
		34147387278594BD00AD225C /* MealTable.swift in Sources */ = {isa = PBXBuildFile; fileRef = 34147386278594BD00AD225C /* MealTable.swift */; };
		341473892785AE0700AD225C /* FoodDetailVC.swift in Sources */ = {isa = PBXBuildFile; fileRef = 341473882785AE0700AD225C /* FoodDetailVC.swift */; };
		3414738C2785CC2400AD225C /* trainings.plist in Resources */ = {isa = PBXBuildFile; fileRef = 3414738B2785CC2400AD225C /* trainings.plist */; };
		3414738E2785CDA800AD225C /* trainings.swift in Sources */ = {isa = PBXBuildFile; fileRef = 3414738D2785CDA800AD225C /* trainings.swift */; };
		341D6DDD2784B18C00B3969E /* dualipa_levi.mp3 in Resources */ = {isa = PBXBuildFile; fileRef = 341D6DDC2784B18C00B3969E /* dualipa_levi.mp3 */; };
		341D6DDF2784B21000B3969E /* confident_short.mp3 in Resources */ = {isa = PBXBuildFile; fileRef = 341D6DDE2784B21000B3969E /* confident_short.mp3 */; };
		34396143277E3E5F004DB35E /* AppDelegate.swift in Sources */ = {isa = PBXBuildFile; fileRef = 34396142277E3E5F004DB35E /* AppDelegate.swift */; };
		34396145277E3E5F004DB35E /* SceneDelegate.swift in Sources */ = {isa = PBXBuildFile; fileRef = 34396144277E3E5F004DB35E /* SceneDelegate.swift */; };
		34396147277E3E5F004DB35E /* MainVC.swift in Sources */ = {isa = PBXBuildFile; fileRef = 34396146277E3E5F004DB35E /* MainVC.swift */; };
		3439614A277E3E5F004DB35E /* Main.storyboard in Resources */ = {isa = PBXBuildFile; fileRef = 34396148277E3E5F004DB35E /* Main.storyboard */; };
		3439614D277E3E5F004DB35E /* Kulozu_Arslan_Project.xcdatamodeld in Sources */ = {isa = PBXBuildFile; fileRef = 3439614B277E3E5F004DB35E /* Kulozu_Arslan_Project.xcdatamodeld */; };
		3439614F277E3E5F004DB35E /* Assets.xcassets in Resources */ = {isa = PBXBuildFile; fileRef = 3439614E277E3E5F004DB35E /* Assets.xcassets */; };
		34396152277E3E5F004DB35E /* LaunchScreen.storyboard in Resources */ = {isa = PBXBuildFile; fileRef = 34396150277E3E5F004DB35E /* LaunchScreen.storyboard */; };
		3439615A277E40AA004DB35E /* AboutVC.swift in Sources */ = {isa = PBXBuildFile; fileRef = 34396159277E40AA004DB35E /* AboutVC.swift */; };
		34396160277E4D56004DB35E /* TimerVC.swift in Sources */ = {isa = PBXBuildFile; fileRef = 3439615F277E4D56004DB35E /* TimerVC.swift */; };
		34396164277E509B004DB35E /* FoodsVC.swift in Sources */ = {isa = PBXBuildFile; fileRef = 34396163277E509B004DB35E /* FoodsVC.swift */; };
		34396166277E50AD004DB35E /* CustomTableViewCell.swift in Sources */ = {isa = PBXBuildFile; fileRef = 34396165277E50AD004DB35E /* CustomTableViewCell.swift */; };
		3494BDFD2780746400F0381E /* TableViewController.swift in Sources */ = {isa = PBXBuildFile; fileRef = 3494BDFC2780746400F0381E /* TableViewController.swift */; };
		3494BDFF2780747A00F0381E /* ViewController.swift in Sources */ = {isa = PBXBuildFile; fileRef = 3494BDFE2780747A00F0381E /* ViewController.swift */; };
		3494BE01278076AB00F0381E /* Training.json in Resources */ = {isa = PBXBuildFile; fileRef = 3494BE00278076AB00F0381E /* Training.json */; };
		3494BE03278076B700F0381E /* Person.swift in Sources */ = {isa = PBXBuildFile; fileRef = 3494BE02278076B700F0381E /* Person.swift */; };
		34AF47AA277F1BA00069FCC4 /* CoreDataVC.swift in Sources */ = {isa = PBXBuildFile; fileRef = 34AF47A9277F1BA00069FCC4 /* CoreDataVC.swift */; };
		34AF47AC277F20150069FCC4 /* PickerVC.swift in Sources */ = {isa = PBXBuildFile; fileRef = 34AF47AB277F20150069FCC4 /* PickerVC.swift */; };
		34AF47B0277F5BBF0069FCC4 /* CalculateViewController.swift in Sources */ = {isa = PBXBuildFile; fileRef = 34AF47AF277F5BBF0069FCC4 /* CalculateViewController.swift */; };
		34AF47B2277F5C1A0069FCC4 /* ResultViewController.swift in Sources */ = {isa = PBXBuildFile; fileRef = 34AF47B1277F5C1A0069FCC4 /* ResultViewController.swift */; };
		34BDDC8F2781F32F001B1BC6 /* LongGesturesVC.swift in Sources */ = {isa = PBXBuildFile; fileRef = 34BDDC8E2781F32F001B1BC6 /* LongGesturesVC.swift */; };
		34E0C5F02781A848001ED38B /* Calories.json in Resources */ = {isa = PBXBuildFile; fileRef = 34E0C5EF2781A848001ED38B /* Calories.json */; };
		34E0C5F22781AAF4001ED38B /* Meals.swift in Sources */ = {isa = PBXBuildFile; fileRef = 34E0C5F12781AAF4001ED38B /* Meals.swift */; };
		34E0C5F42781CEF1001ED38B /* TrainingDetailVC.swift in Sources */ = {isa = PBXBuildFile; fileRef = 34E0C5F32781CEF1001ED38B /* TrainingDetailVC.swift */; };
		34EAA8972780C98B00FB83AE /* DataSource.swift in Sources */ = {isa = PBXBuildFile; fileRef = 34EAA8962780C98B00FB83AE /* DataSource.swift */; };
		34EAA8992780C9C100FB83AE /* Fruit.swift in Sources */ = {isa = PBXBuildFile; fileRef = 34EAA8982780C9C100FB83AE /* Fruit.swift */; };
		34EAA89B2780C9D900FB83AE /* DetailVC.swift in Sources */ = {isa = PBXBuildFile; fileRef = 34EAA89A2780C9D900FB83AE /* DetailVC.swift */; };
		34EAA89D2780CA3500FB83AE /* FoodTableVC.swift in Sources */ = {isa = PBXBuildFile; fileRef = 34EAA89C2780CA3500FB83AE /* FoodTableVC.swift */; };
		34EAA89F2780CB5700FB83AE /* fruits.plist in Resources */ = {isa = PBXBuildFile; fileRef = 34EAA89E2780CB5700FB83AE /* fruits.plist */; };
/* End PBXBuildFile section */

/* Begin PBXFileReference section */
		341473822785943B00AD225C /* MealsTableTVC.swift */ = {isa = PBXFileReference; lastKnownFileType = sourcecode.swift; path = MealsTableTVC.swift; sourceTree = "<group>"; };
		34147386278594BD00AD225C /* MealTable.swift */ = {isa = PBXFileReference; lastKnownFileType = sourcecode.swift; path = MealTable.swift; sourceTree = "<group>"; };
		341473882785AE0700AD225C /* FoodDetailVC.swift */ = {isa = PBXFileReference; lastKnownFileType = sourcecode.swift; path = FoodDetailVC.swift; sourceTree = "<group>"; };
		3414738B2785CC2400AD225C /* trainings.plist */ = {isa = PBXFileReference; lastKnownFileType = text.plist.xml; path = trainings.plist; sourceTree = "<group>"; };
		3414738D2785CDA800AD225C /* trainings.swift */ = {isa = PBXFileReference; lastKnownFileType = sourcecode.swift; path = trainings.swift; sourceTree = "<group>"; };
		341D6DDC2784B18C00B3969E /* dualipa_levi.mp3 */ = {isa = PBXFileReference; lastKnownFileType = audio.mp3; name = dualipa_levi.mp3; path = Assets.xcassets/dualipa_levi.mp3; sourceTree = "<group>"; };
		341D6DDE2784B21000B3969E /* confident_short.mp3 */ = {isa = PBXFileReference; lastKnownFileType = audio.mp3; name = confident_short.mp3; path = Assets.xcassets/confident_short.mp3; sourceTree = "<group>"; };
		3439613F277E3E5F004DB35E /* Kulozu_Arslan_Project.app */ = {isa = PBXFileReference; explicitFileType = wrapper.application; includeInIndex = 0; path = Kulozu_Arslan_Project.app; sourceTree = BUILT_PRODUCTS_DIR; };
		34396142277E3E5F004DB35E /* AppDelegate.swift */ = {isa = PBXFileReference; lastKnownFileType = sourcecode.swift; path = AppDelegate.swift; sourceTree = "<group>"; };
		34396144277E3E5F004DB35E /* SceneDelegate.swift */ = {isa = PBXFileReference; lastKnownFileType = sourcecode.swift; path = SceneDelegate.swift; sourceTree = "<group>"; };
		34396146277E3E5F004DB35E /* MainVC.swift */ = {isa = PBXFileReference; lastKnownFileType = sourcecode.swift; path = MainVC.swift; sourceTree = "<group>"; };
		34396149277E3E5F004DB35E /* Base */ = {isa = PBXFileReference; lastKnownFileType = file.storyboard; name = Base; path = Base.lproj/Main.storyboard; sourceTree = "<group>"; };
		3439614C277E3E5F004DB35E /* Kulozu_Arslan_Project.xcdatamodel */ = {isa = PBXFileReference; lastKnownFileType = wrapper.xcdatamodel; path = Kulozu_Arslan_Project.xcdatamodel; sourceTree = "<group>"; };
		3439614E277E3E5F004DB35E /* Assets.xcassets */ = {isa = PBXFileReference; lastKnownFileType = folder.assetcatalog; path = Assets.xcassets; sourceTree = "<group>"; };
		34396151277E3E5F004DB35E /* Base */ = {isa = PBXFileReference; lastKnownFileType = file.storyboard; name = Base; path = Base.lproj/LaunchScreen.storyboard; sourceTree = "<group>"; };
		34396153277E3E5F004DB35E /* Info.plist */ = {isa = PBXFileReference; lastKnownFileType = text.plist.xml; path = Info.plist; sourceTree = "<group>"; };
		34396159277E40AA004DB35E /* AboutVC.swift */ = {isa = PBXFileReference; lastKnownFileType = sourcecode.swift; path = AboutVC.swift; sourceTree = "<group>"; };
		3439615F277E4D56004DB35E /* TimerVC.swift */ = {isa = PBXFileReference; lastKnownFileType = sourcecode.swift; path = TimerVC.swift; sourceTree = "<group>"; };
		34396163277E509B004DB35E /* FoodsVC.swift */ = {isa = PBXFileReference; fileEncoding = 4; lastKnownFileType = sourcecode.swift; path = FoodsVC.swift; sourceTree = "<group>"; };
		34396165277E50AD004DB35E /* CustomTableViewCell.swift */ = {isa = PBXFileReference; fileEncoding = 4; lastKnownFileType = sourcecode.swift; path = CustomTableViewCell.swift; sourceTree = "<group>"; };
		3494BDFC2780746400F0381E /* TableViewController.swift */ = {isa = PBXFileReference; lastKnownFileType = sourcecode.swift; path = TableViewController.swift; sourceTree = "<group>"; };
		3494BDFE2780747A00F0381E /* ViewController.swift */ = {isa = PBXFileReference; lastKnownFileType = sourcecode.swift; path = ViewController.swift; sourceTree = "<group>"; };
		3494BE00278076AB00F0381E /* Training.json */ = {isa = PBXFileReference; fileEncoding = 4; lastKnownFileType = text.json; path = Training.json; sourceTree = "<group>"; };
		3494BE02278076B700F0381E /* Person.swift */ = {isa = PBXFileReference; fileEncoding = 4; lastKnownFileType = sourcecode.swift; path = Person.swift; sourceTree = "<group>"; };
		34AF47A9277F1BA00069FCC4 /* CoreDataVC.swift */ = {isa = PBXFileReference; fileEncoding = 4; lastKnownFileType = sourcecode.swift; path = CoreDataVC.swift; sourceTree = "<group>"; };
		34AF47AB277F20150069FCC4 /* PickerVC.swift */ = {isa = PBXFileReference; fileEncoding = 4; lastKnownFileType = sourcecode.swift; path = PickerVC.swift; sourceTree = "<group>"; };
		34AF47AF277F5BBF0069FCC4 /* CalculateViewController.swift */ = {isa = PBXFileReference; lastKnownFileType = sourcecode.swift; path = CalculateViewController.swift; sourceTree = "<group>"; };
		34AF47B1277F5C1A0069FCC4 /* ResultViewController.swift */ = {isa = PBXFileReference; lastKnownFileType = sourcecode.swift; path = ResultViewController.swift; sourceTree = "<group>"; };
		34BDDC8E2781F32F001B1BC6 /* LongGesturesVC.swift */ = {isa = PBXFileReference; lastKnownFileType = sourcecode.swift; path = LongGesturesVC.swift; sourceTree = "<group>"; };
		34E0C5EF2781A848001ED38B /* Calories.json */ = {isa = PBXFileReference; fileEncoding = 4; lastKnownFileType = text.json; path = Calories.json; sourceTree = "<group>"; };
		34E0C5F12781AAF4001ED38B /* Meals.swift */ = {isa = PBXFileReference; lastKnownFileType = sourcecode.swift; path = Meals.swift; sourceTree = "<group>"; };
		34E0C5F32781CEF1001ED38B /* TrainingDetailVC.swift */ = {isa = PBXFileReference; lastKnownFileType = sourcecode.swift; path = TrainingDetailVC.swift; sourceTree = "<group>"; };
		34EAA8962780C98B00FB83AE /* DataSource.swift */ = {isa = PBXFileReference; lastKnownFileType = sourcecode.swift; path = DataSource.swift; sourceTree = "<group>"; };
		34EAA8982780C9C100FB83AE /* Fruit.swift */ = {isa = PBXFileReference; lastKnownFileType = sourcecode.swift; path = Fruit.swift; sourceTree = "<group>"; };
		34EAA89A2780C9D900FB83AE /* DetailVC.swift */ = {isa = PBXFileReference; lastKnownFileType = sourcecode.swift; path = DetailVC.swift; sourceTree = "<group>"; };
		34EAA89C2780CA3500FB83AE /* FoodTableVC.swift */ = {isa = PBXFileReference; lastKnownFileType = sourcecode.swift; path = FoodTableVC.swift; sourceTree = "<group>"; };
		34EAA89E2780CB5700FB83AE /* fruits.plist */ = {isa = PBXFileReference; fileEncoding = 4; lastKnownFileType = text.plist.xml; path = fruits.plist; sourceTree = "<group>"; };
/* End PBXFileReference section */

/* Begin PBXFrameworksBuildPhase section */
		3439613C277E3E5F004DB35E /* Frameworks */ = {
			isa = PBXFrameworksBuildPhase;
			buildActionMask = 2147483647;
			files = (
			);
			runOnlyForDeploymentPostprocessing = 0;
		};
/* End PBXFrameworksBuildPhase section */

/* Begin PBXGroup section */
		34396136277E3E5F004DB35E = {
			isa = PBXGroup;
			children = (
				34396141277E3E5F004DB35E /* Kulozu_Arslan_Project */,
				34396140277E3E5F004DB35E /* Products */,
			);
			sourceTree = "<group>";
		};
		34396140277E3E5F004DB35E /* Products */ = {
			isa = PBXGroup;
			children = (
				3439613F277E3E5F004DB35E /* Kulozu_Arslan_Project.app */,
			);
			name = Products;
			sourceTree = "<group>";
		};
		34396141277E3E5F004DB35E /* Kulozu_Arslan_Project */ = {
			isa = PBXGroup;
			children = (
				341D6DDE2784B21000B3969E /* confident_short.mp3 */,
				341D6DDC2784B18C00B3969E /* dualipa_levi.mp3 */,
				34E0C5EF2781A848001ED38B /* Calories.json */,
				3494BE02278076B700F0381E /* Person.swift */,
				3494BE00278076AB00F0381E /* Training.json */,
				34AF47AB277F20150069FCC4 /* PickerVC.swift */,
				34AF47A9277F1BA00069FCC4 /* CoreDataVC.swift */,
				34396165277E50AD004DB35E /* CustomTableViewCell.swift */,
				34396163277E509B004DB35E /* FoodsVC.swift */,
				34396142277E3E5F004DB35E /* AppDelegate.swift */,
				34396144277E3E5F004DB35E /* SceneDelegate.swift */,
				34396146277E3E5F004DB35E /* MainVC.swift */,
				34396159277E40AA004DB35E /* AboutVC.swift */,
				3439615F277E4D56004DB35E /* TimerVC.swift */,
				34E0C5F32781CEF1001ED38B /* TrainingDetailVC.swift */,
				34396148277E3E5F004DB35E /* Main.storyboard */,
				3439614E277E3E5F004DB35E /* Assets.xcassets */,
				34396150277E3E5F004DB35E /* LaunchScreen.storyboard */,
				34EAA89E2780CB5700FB83AE /* fruits.plist */,
				34396153277E3E5F004DB35E /* Info.plist */,
				3439614B277E3E5F004DB35E /* Kulozu_Arslan_Project.xcdatamodeld */,
				34AF47AF277F5BBF0069FCC4 /* CalculateViewController.swift */,
				34AF47B1277F5C1A0069FCC4 /* ResultViewController.swift */,
				3494BDFC2780746400F0381E /* TableViewController.swift */,
				3494BDFE2780747A00F0381E /* ViewController.swift */,
				34EAA8962780C98B00FB83AE /* DataSource.swift */,
				34EAA8982780C9C100FB83AE /* Fruit.swift */,
				34EAA89A2780C9D900FB83AE /* DetailVC.swift */,
				34EAA89C2780CA3500FB83AE /* FoodTableVC.swift */,
				34E0C5F12781AAF4001ED38B /* Meals.swift */,
				34BDDC8E2781F32F001B1BC6 /* LongGesturesVC.swift */,
				341473822785943B00AD225C /* MealsTableTVC.swift */,
				34147386278594BD00AD225C /* MealTable.swift */,
				341473882785AE0700AD225C /* FoodDetailVC.swift */,
				3414738B2785CC2400AD225C /* trainings.plist */,
				3414738D2785CDA800AD225C /* trainings.swift */,
			);
			path = Kulozu_Arslan_Project;
			sourceTree = "<group>";
		};
/* End PBXGroup section */

/* Begin PBXNativeTarget section */
		3439613E277E3E5F004DB35E /* Kulozu_Arslan_Project */ = {
			isa = PBXNativeTarget;
			buildConfigurationList = 34396156277E3E5F004DB35E /* Build configuration list for PBXNativeTarget "Kulozu_Arslan_Project" */;
			buildPhases = (
				3439613B277E3E5F004DB35E /* Sources */,
				3439613C277E3E5F004DB35E /* Frameworks */,
				3439613D277E3E5F004DB35E /* Resources */,
			);
			buildRules = (
			);
			dependencies = (
			);
			name = Kulozu_Arslan_Project;
			productName = Kulozu_Arslan_Project;
			productReference = 3439613F277E3E5F004DB35E /* Kulozu_Arslan_Project.app */;
			productType = "com.apple.product-type.application";
		};
/* End PBXNativeTarget section */

/* Begin PBXProject section */
		34396137277E3E5F004DB35E /* Project object */ = {
			isa = PBXProject;
			attributes = {
				BuildIndependentTargetsInParallel = 1;
				LastSwiftUpdateCheck = 1310;
				LastUpgradeCheck = 1310;
				TargetAttributes = {
					3439613E277E3E5F004DB35E = {
						CreatedOnToolsVersion = 13.1;
					};
				};
			};
			buildConfigurationList = 3439613A277E3E5F004DB35E /* Build configuration list for PBXProject "Kulozu_Arslan_Project" */;
			compatibilityVersion = "Xcode 13.0";
			developmentRegion = en;
			hasScannedForEncodings = 0;
			knownRegions = (
				en,
				Base,
			);
			mainGroup = 34396136277E3E5F004DB35E;
			productRefGroup = 34396140277E3E5F004DB35E /* Products */;
			projectDirPath = "";
			projectRoot = "";
			targets = (
				3439613E277E3E5F004DB35E /* Kulozu_Arslan_Project */,
			);
		};
/* End PBXProject section */

/* Begin PBXResourcesBuildPhase section */
		3439613D277E3E5F004DB35E /* Resources */ = {
			isa = PBXResourcesBuildPhase;
			buildActionMask = 2147483647;
			files = (
				34396152277E3E5F004DB35E /* LaunchScreen.storyboard in Resources */,
				341D6DDD2784B18C00B3969E /* dualipa_levi.mp3 in Resources */,
				3414738C2785CC2400AD225C /* trainings.plist in Resources */,
				341D6DDF2784B21000B3969E /* confident_short.mp3 in Resources */,
				3439614F277E3E5F004DB35E /* Assets.xcassets in Resources */,
				34E0C5F02781A848001ED38B /* Calories.json in Resources */,
				34EAA89F2780CB5700FB83AE /* fruits.plist in Resources */,
				3494BE01278076AB00F0381E /* Training.json in Resources */,
				3439614A277E3E5F004DB35E /* Main.storyboard in Resources */,
			);
			runOnlyForDeploymentPostprocessing = 0;
		};
/* End PBXResourcesBuildPhase section */

/* Begin PBXSourcesBuildPhase section */
		3439613B277E3E5F004DB35E /* Sources */ = {
			isa = PBXSourcesBuildPhase;
			buildActionMask = 2147483647;
			files = (
				34AF47AC277F20150069FCC4 /* PickerVC.swift in Sources */,
				34EAA8972780C98B00FB83AE /* DataSource.swift in Sources */,
				34396164277E509B004DB35E /* FoodsVC.swift in Sources */,
				34EAA89B2780C9D900FB83AE /* DetailVC.swift in Sources */,
				34396160277E4D56004DB35E /* TimerVC.swift in Sources */,
				34396166277E50AD004DB35E /* CustomTableViewCell.swift in Sources */,
				34396147277E3E5F004DB35E /* MainVC.swift in Sources */,
				3439615A277E40AA004DB35E /* AboutVC.swift in Sources */,
				341473892785AE0700AD225C /* FoodDetailVC.swift in Sources */,
				34AF47B0277F5BBF0069FCC4 /* CalculateViewController.swift in Sources */,
				34EAA89D2780CA3500FB83AE /* FoodTableVC.swift in Sources */,
				34396143277E3E5F004DB35E /* AppDelegate.swift in Sources */,
				34E0C5F22781AAF4001ED38B /* Meals.swift in Sources */,
				34AF47B2277F5C1A0069FCC4 /* ResultViewController.swift in Sources */,
				3439614D277E3E5F004DB35E /* Kulozu_Arslan_Project.xcdatamodeld in Sources */,
				341473832785943B00AD225C /* MealsTableTVC.swift in Sources */,
				34EAA8992780C9C100FB83AE /* Fruit.swift in Sources */,
				34396145277E3E5F004DB35E /* SceneDelegate.swift in Sources */,
				34BDDC8F2781F32F001B1BC6 /* LongGesturesVC.swift in Sources */,
				3494BDFD2780746400F0381E /* TableViewController.swift in Sources */,
				3494BE03278076B700F0381E /* Person.swift in Sources */,
				3414738E2785CDA800AD225C /* trainings.swift in Sources */,
				34E0C5F42781CEF1001ED38B /* TrainingDetailVC.swift in Sources */,
				3494BDFF2780747A00F0381E /* ViewController.swift in Sources */,
				34147387278594BD00AD225C /* MealTable.swift in Sources */,
				34AF47AA277F1BA00069FCC4 /* CoreDataVC.swift in Sources */,
			);
			runOnlyForDeploymentPostprocessing = 0;
		};
/* End PBXSourcesBuildPhase section */

/* Begin PBXVariantGroup section */
		34396148277E3E5F004DB35E /* Main.storyboard */ = {
			isa = PBXVariantGroup;
			children = (
				34396149277E3E5F004DB35E /* Base */,
			);
			name = Main.storyboard;
			sourceTree = "<group>";
		};
		34396150277E3E5F004DB35E /* LaunchScreen.storyboard */ = {
			isa = PBXVariantGroup;
			children = (
				34396151277E3E5F004DB35E /* Base */,
			);
			name = LaunchScreen.storyboard;
			sourceTree = "<group>";
		};
/* End PBXVariantGroup section */

/* Begin XCBuildConfiguration section */
		34396154277E3E5F004DB35E /* Debug */ = {
			isa = XCBuildConfiguration;
			buildSettings = {
				ALWAYS_SEARCH_USER_PATHS = NO;
				CLANG_ANALYZER_NONNULL = YES;
				CLANG_ANALYZER_NUMBER_OBJECT_CONVERSION = YES_AGGRESSIVE;
				CLANG_CXX_LANGUAGE_STANDARD = "gnu++17";
				CLANG_CXX_LIBRARY = "libc++";
				CLANG_ENABLE_MODULES = YES;
				CLANG_ENABLE_OBJC_ARC = YES;
				CLANG_ENABLE_OBJC_WEAK = YES;
				CLANG_WARN_BLOCK_CAPTURE_AUTORELEASING = YES;
				CLANG_WARN_BOOL_CONVERSION = YES;
				CLANG_WARN_COMMA = YES;
				CLANG_WARN_CONSTANT_CONVERSION = YES;
				CLANG_WARN_DEPRECATED_OBJC_IMPLEMENTATIONS = YES;
				CLANG_WARN_DIRECT_OBJC_ISA_USAGE = YES_ERROR;
				CLANG_WARN_DOCUMENTATION_COMMENTS = YES;
				CLANG_WARN_EMPTY_BODY = YES;
				CLANG_WARN_ENUM_CONVERSION = YES;
				CLANG_WARN_INFINITE_RECURSION = YES;
				CLANG_WARN_INT_CONVERSION = YES;
				CLANG_WARN_NON_LITERAL_NULL_CONVERSION = YES;
				CLANG_WARN_OBJC_IMPLICIT_RETAIN_SELF = YES;
				CLANG_WARN_OBJC_LITERAL_CONVERSION = YES;
				CLANG_WARN_OBJC_ROOT_CLASS = YES_ERROR;
				CLANG_WARN_QUOTED_INCLUDE_IN_FRAMEWORK_HEADER = YES;
				CLANG_WARN_RANGE_LOOP_ANALYSIS = YES;
				CLANG_WARN_STRICT_PROTOTYPES = YES;
				CLANG_WARN_SUSPICIOUS_MOVE = YES;
				CLANG_WARN_UNGUARDED_AVAILABILITY = YES_AGGRESSIVE;
				CLANG_WARN_UNREACHABLE_CODE = YES;
				CLANG_WARN__DUPLICATE_METHOD_MATCH = YES;
				COPY_PHASE_STRIP = NO;
				DEBUG_INFORMATION_FORMAT = dwarf;
				ENABLE_STRICT_OBJC_MSGSEND = YES;
				ENABLE_TESTABILITY = YES;
				GCC_C_LANGUAGE_STANDARD = gnu11;
				GCC_DYNAMIC_NO_PIC = NO;
				GCC_NO_COMMON_BLOCKS = YES;
				GCC_OPTIMIZATION_LEVEL = 0;
				GCC_PREPROCESSOR_DEFINITIONS = (
					"DEBUG=1",
					"$(inherited)",
				);
				GCC_WARN_64_TO_32_BIT_CONVERSION = YES;
				GCC_WARN_ABOUT_RETURN_TYPE = YES_ERROR;
				GCC_WARN_UNDECLARED_SELECTOR = YES;
				GCC_WARN_UNINITIALIZED_AUTOS = YES_AGGRESSIVE;
				GCC_WARN_UNUSED_FUNCTION = YES;
				GCC_WARN_UNUSED_VARIABLE = YES;
				IPHONEOS_DEPLOYMENT_TARGET = 15.0;
				MTL_ENABLE_DEBUG_INFO = INCLUDE_SOURCE;
				MTL_FAST_MATH = YES;
				ONLY_ACTIVE_ARCH = YES;
				SDKROOT = iphoneos;
				SWIFT_ACTIVE_COMPILATION_CONDITIONS = DEBUG;
				SWIFT_OPTIMIZATION_LEVEL = "-Onone";
			};
			name = Debug;
		};
		34396155277E3E5F004DB35E /* Release */ = {
			isa = XCBuildConfiguration;
			buildSettings = {
				ALWAYS_SEARCH_USER_PATHS = NO;
				CLANG_ANALYZER_NONNULL = YES;
				CLANG_ANALYZER_NUMBER_OBJECT_CONVERSION = YES_AGGRESSIVE;
				CLANG_CXX_LANGUAGE_STANDARD = "gnu++17";
				CLANG_CXX_LIBRARY = "libc++";
				CLANG_ENABLE_MODULES = YES;
				CLANG_ENABLE_OBJC_ARC = YES;
				CLANG_ENABLE_OBJC_WEAK = YES;
				CLANG_WARN_BLOCK_CAPTURE_AUTORELEASING = YES;
				CLANG_WARN_BOOL_CONVERSION = YES;
				CLANG_WARN_COMMA = YES;
				CLANG_WARN_CONSTANT_CONVERSION = YES;
				CLANG_WARN_DEPRECATED_OBJC_IMPLEMENTATIONS = YES;
				CLANG_WARN_DIRECT_OBJC_ISA_USAGE = YES_ERROR;
				CLANG_WARN_DOCUMENTATION_COMMENTS = YES;
				CLANG_WARN_EMPTY_BODY = YES;
				CLANG_WARN_ENUM_CONVERSION = YES;
				CLANG_WARN_INFINITE_RECURSION = YES;
				CLANG_WARN_INT_CONVERSION = YES;
				CLANG_WARN_NON_LITERAL_NULL_CONVERSION = YES;
				CLANG_WARN_OBJC_IMPLICIT_RETAIN_SELF = YES;
				CLANG_WARN_OBJC_LITERAL_CONVERSION = YES;
				CLANG_WARN_OBJC_ROOT_CLASS = YES_ERROR;
				CLANG_WARN_QUOTED_INCLUDE_IN_FRAMEWORK_HEADER = YES;
				CLANG_WARN_RANGE_LOOP_ANALYSIS = YES;
				CLANG_WARN_STRICT_PROTOTYPES = YES;
				CLANG_WARN_SUSPICIOUS_MOVE = YES;
				CLANG_WARN_UNGUARDED_AVAILABILITY = YES_AGGRESSIVE;
				CLANG_WARN_UNREACHABLE_CODE = YES;
				CLANG_WARN__DUPLICATE_METHOD_MATCH = YES;
				COPY_PHASE_STRIP = NO;
				DEBUG_INFORMATION_FORMAT = "dwarf-with-dsym";
				ENABLE_NS_ASSERTIONS = NO;
				ENABLE_STRICT_OBJC_MSGSEND = YES;
				GCC_C_LANGUAGE_STANDARD = gnu11;
				GCC_NO_COMMON_BLOCKS = YES;
				GCC_WARN_64_TO_32_BIT_CONVERSION = YES;
				GCC_WARN_ABOUT_RETURN_TYPE = YES_ERROR;
				GCC_WARN_UNDECLARED_SELECTOR = YES;
				GCC_WARN_UNINITIALIZED_AUTOS = YES_AGGRESSIVE;
				GCC_WARN_UNUSED_FUNCTION = YES;
				GCC_WARN_UNUSED_VARIABLE = YES;
				IPHONEOS_DEPLOYMENT_TARGET = 15.0;
				MTL_ENABLE_DEBUG_INFO = NO;
				MTL_FAST_MATH = YES;
				SDKROOT = iphoneos;
				SWIFT_COMPILATION_MODE = wholemodule;
				SWIFT_OPTIMIZATION_LEVEL = "-O";
				VALIDATE_PRODUCT = YES;
			};
			name = Release;
		};
		34396157277E3E5F004DB35E /* Debug */ = {
			isa = XCBuildConfiguration;
			buildSettings = {
				ASSETCATALOG_COMPILER_APPICON_NAME = AppIcon;
				ASSETCATALOG_COMPILER_GLOBAL_ACCENT_COLOR_NAME = AccentColor;
				CODE_SIGN_STYLE = Automatic;
				CURRENT_PROJECT_VERSION = 1;
				GENERATE_INFOPLIST_FILE = YES;
				INFOPLIST_FILE = Kulozu_Arslan_Project/Info.plist;
				INFOPLIST_KEY_UIApplicationSupportsIndirectInputEvents = YES;
				INFOPLIST_KEY_UILaunchStoryboardName = LaunchScreen;
				INFOPLIST_KEY_UIMainStoryboardFile = Main;
				INFOPLIST_KEY_UISupportedInterfaceOrientations_iPad = "UIInterfaceOrientationPortrait UIInterfaceOrientationPortraitUpsideDown UIInterfaceOrientationLandscapeLeft UIInterfaceOrientationLandscapeRight";
				INFOPLIST_KEY_UISupportedInterfaceOrientations_iPhone = "UIInterfaceOrientationPortrait UIInterfaceOrientationLandscapeLeft UIInterfaceOrientationLandscapeRight";
				LD_RUNPATH_SEARCH_PATHS = (
					"$(inherited)",
					"@executable_path/Frameworks",
				);
				MARKETING_VERSION = 1.0;
				PRODUCT_BUNDLE_IDENTIFIER = "com.kulozu.arslan.Kulozu-Arslan-Project";
				PRODUCT_NAME = "$(TARGET_NAME)";
				SWIFT_EMIT_LOC_STRINGS = YES;
				SWIFT_VERSION = 5.0;
				TARGETED_DEVICE_FAMILY = "1,2";
			};
			name = Debug;
		};
		34396158277E3E5F004DB35E /* Release */ = {
			isa = XCBuildConfiguration;
			buildSettings = {
				ASSETCATALOG_COMPILER_APPICON_NAME = AppIcon;
				ASSETCATALOG_COMPILER_GLOBAL_ACCENT_COLOR_NAME = AccentColor;
				CODE_SIGN_STYLE = Automatic;
				CURRENT_PROJECT_VERSION = 1;
				GENERATE_INFOPLIST_FILE = YES;
				INFOPLIST_FILE = Kulozu_Arslan_Project/Info.plist;
				INFOPLIST_KEY_UIApplicationSupportsIndirectInputEvents = YES;
				INFOPLIST_KEY_UILaunchStoryboardName = LaunchScreen;
				INFOPLIST_KEY_UIMainStoryboardFile = Main;
				INFOPLIST_KEY_UISupportedInterfaceOrientations_iPad = "UIInterfaceOrientationPortrait UIInterfaceOrientationPortraitUpsideDown UIInterfaceOrientationLandscapeLeft UIInterfaceOrientationLandscapeRight";
				INFOPLIST_KEY_UISupportedInterfaceOrientations_iPhone = "UIInterfaceOrientationPortrait UIInterfaceOrientationLandscapeLeft UIInterfaceOrientationLandscapeRight";
				LD_RUNPATH_SEARCH_PATHS = (
					"$(inherited)",
					"@executable_path/Frameworks",
				);
				MARKETING_VERSION = 1.0;
				PRODUCT_BUNDLE_IDENTIFIER = "com.kulozu.arslan.Kulozu-Arslan-Project";
				PRODUCT_NAME = "$(TARGET_NAME)";
				SWIFT_EMIT_LOC_STRINGS = YES;
				SWIFT_VERSION = 5.0;
				TARGETED_DEVICE_FAMILY = "1,2";
			};
			name = Release;
		};
/* End XCBuildConfiguration section */

/* Begin XCConfigurationList section */
		3439613A277E3E5F004DB35E /* Build configuration list for PBXProject "Kulozu_Arslan_Project" */ = {
			isa = XCConfigurationList;
			buildConfigurations = (
				34396154277E3E5F004DB35E /* Debug */,
				34396155277E3E5F004DB35E /* Release */,
			);
			defaultConfigurationIsVisible = 0;
			defaultConfigurationName = Release;
		};
		34396156277E3E5F004DB35E /* Build configuration list for PBXNativeTarget "Kulozu_Arslan_Project" */ = {
			isa = XCConfigurationList;
			buildConfigurations = (
				34396157277E3E5F004DB35E /* Debug */,
				34396158277E3E5F004DB35E /* Release */,
			);
			defaultConfigurationIsVisible = 0;
			defaultConfigurationName = Release;
		};
/* End XCConfigurationList section */

/* Begin XCVersionGroup section */
		3439614B277E3E5F004DB35E /* Kulozu_Arslan_Project.xcdatamodeld */ = {
			isa = XCVersionGroup;
			children = (
				3439614C277E3E5F004DB35E /* Kulozu_Arslan_Project.xcdatamodel */,
			);
			currentVersion = 3439614C277E3E5F004DB35E /* Kulozu_Arslan_Project.xcdatamodel */;
			path = Kulozu_Arslan_Project.xcdatamodeld;
			sourceTree = "<group>";
			versionGroupType = wrapper.xcdatamodel;
		};
/* End XCVersionGroup section */
	};
	rootObject = 34396137277E3E5F004DB35E /* Project object */;
}
